
Microsoft Visual Studio Solution File, Format Version 12.00
# Visual Studio 15
VisualStudioVersion = 15.0.27428.2011
MinimumVisualStudioVersion = 10.0.40219.1
Project("{FAE04EC0-301F-11D3-BF4B-00C04F79EFBC}") = "CK2CharacterCreator", "CK2CharacterCreator\CK2CharacterCreator.csproj", "{1DEAE0F7-4F0C-4EF9-9719-76D92EF071B3}"
EndProject
Global
	GlobalSection(SolutionConfigurationPlatforms) = preSolution
		Debug|Any CPU = Debug|Any CPU
		Release|Any CPU = Release|Any CPU
	EndGlobalSection
	GlobalSection(ProjectConfigurationPlatforms) = postSolution
		{1DEAE0F7-4F0C-4EF9-9719-76D92EF071B3}.Debug|Any CPU.ActiveCfg = Debug|Any CPU
		{1DEAE0F7-4F0C-4EF9-9719-76D92EF071B3}.Debug|Any CPU.Build.0 = Debug|Any CPU
		{1DEAE0F7-4F0C-4EF9-9719-76D92EF071B3}.Release|Any CPU.ActiveCfg = Release|Any CPU
		{1DEAE0F7-4F0C-4EF9-9719-76D92EF071B3}.Release|Any CPU.Build.0 = Release|Any CPU
	EndGlobalSection
	GlobalSection(SolutionProperties) = preSolution
		HideSolutionNode = FALSE
	EndGlobalSection
	GlobalSection(ExtensibilityGlobals) = postSolution
		SolutionGuid = {6716F908-5A8B-40D7-9AD3-BC14624FEF87}
	EndGlobalSection
EndGlobal
